
Microsoft Visual Studio Solution File, Format Version 12.00
# Visual Studio Version 17
VisualStudioVersion = 17.6.33723.286
MinimumVisualStudioVersion = 10.0.40219.1
Project("{2150E333-8FDC-42A3-9474-1A3956D46DE8}") = "Solution Items", "Solution Items", "{F222E4DD-270F-4827-8B47-3A8BDC22665F}"
	ProjectSection(SolutionItems) = preProject
		Todo.txt = Todo.txt
	EndProjectSection
EndProject
Project("{9A19103F-16F7-4668-BE54-9A1E7A4F7556}") = "MauiSqlLite", "MauiSqlLite\MauiSqlLite.csproj", "{F57D552A-C464-4723-B031-CEE88B784EA9}"
EndProject
Project("{2150E333-8FDC-42A3-9474-1A3956D46DE8}") = "ProjetTest", "ProjetTest", "{A68EC67E-C09B-4CDA-B20A-FE93F8399633}"
EndProject
Global
	GlobalSection(SolutionConfigurationPlatforms) = preSolution
		Debug|Any CPU = Debug|Any CPU
		Release|Any CPU = Release|Any CPU
	EndGlobalSection
	GlobalSection(ProjectConfigurationPlatforms) = postSolution
		{F57D552A-C464-4723-B031-CEE88B784EA9}.Debug|Any CPU.ActiveCfg = Debug|Any CPU
		{F57D552A-C464-4723-B031-CEE88B784EA9}.Debug|Any CPU.Build.0 = Debug|Any CPU
		{F57D552A-C464-4723-B031-CEE88B784EA9}.Debug|Any CPU.Deploy.0 = Debug|Any CPU
		{F57D552A-C464-4723-B031-CEE88B784EA9}.Release|Any CPU.ActiveCfg = Release|Any CPU
		{F57D552A-C464-4723-B031-CEE88B784EA9}.Release|Any CPU.Build.0 = Release|Any CPU
		{F57D552A-C464-4723-B031-CEE88B784EA9}.Release|Any CPU.Deploy.0 = Release|Any CPU
	EndGlobalSection
	GlobalSection(SolutionProperties) = preSolution
		HideSolutionNode = FALSE
	EndGlobalSection
	GlobalSection(NestedProjects) = preSolution
		{F57D552A-C464-4723-B031-CEE88B784EA9} = {A68EC67E-C09B-4CDA-B20A-FE93F8399633}
		{A68EC67E-C09B-4CDA-B20A-FE93F8399633} = {F222E4DD-270F-4827-8B47-3A8BDC22665F}
	EndGlobalSection
	GlobalSection(ExtensibilityGlobals) = postSolution
		SolutionGuid = {520057A7-7D94-4540-8D7C-7319D3AFACB3}
	EndGlobalSection
EndGlobal
