
Microsoft Visual Studio Solution File, Format Version 12.00
# Visual Studio Version 17
VisualStudioVersion = 17.9.34723.18
MinimumVisualStudioVersion = 10.0.40219.1
Project("{FAE04EC0-301F-11D3-BF4B-00C04F79EFBC}") = "Matchup_Tester", "Matchup_Tester\Matchup_Tester.csproj", "{2DEB4839-0C0B-420D-85B0-EDBF2A112A1C}"
EndProject
Project("{FAE04EC0-301F-11D3-BF4B-00C04F79EFBC}") = "TableTopUnitLib", "TableTopUnitLib\TableTopUnitLib.csproj", "{AE014257-7451-41B2-AC71-9CCAD6560D23}"
EndProject
Global
	GlobalSection(SolutionConfigurationPlatforms) = preSolution
		Debug|Any CPU = Debug|Any CPU
		Release|Any CPU = Release|Any CPU
	EndGlobalSection
	GlobalSection(ProjectConfigurationPlatforms) = postSolution
		{2DEB4839-0C0B-420D-85B0-EDBF2A112A1C}.Debug|Any CPU.ActiveCfg = Debug|Any CPU
		{2DEB4839-0C0B-420D-85B0-EDBF2A112A1C}.Debug|Any CPU.Build.0 = Debug|Any CPU
		{2DEB4839-0C0B-420D-85B0-EDBF2A112A1C}.Release|Any CPU.ActiveCfg = Release|Any CPU
		{2DEB4839-0C0B-420D-85B0-EDBF2A112A1C}.Release|Any CPU.Build.0 = Release|Any CPU
		{AE014257-7451-41B2-AC71-9CCAD6560D23}.Debug|Any CPU.ActiveCfg = Debug|Any CPU
		{AE014257-7451-41B2-AC71-9CCAD6560D23}.Debug|Any CPU.Build.0 = Debug|Any CPU
		{AE014257-7451-41B2-AC71-9CCAD6560D23}.Release|Any CPU.ActiveCfg = Release|Any CPU
		{AE014257-7451-41B2-AC71-9CCAD6560D23}.Release|Any CPU.Build.0 = Release|Any CPU
	EndGlobalSection
	GlobalSection(SolutionProperties) = preSolution
		HideSolutionNode = FALSE
	EndGlobalSection
	GlobalSection(ExtensibilityGlobals) = postSolution
		SolutionGuid = {6B610F86-0895-4EE3-9B32-D6881A524721}
	EndGlobalSection
EndGlobal
